
Microsoft Visual Studio Solution File, Format Version 12.00
# Visual Studio Version 17
VisualStudioVersion = 17.3.32929.385
MinimumVisualStudioVersion = 10.0.40219.1
Project("{9A19103F-16F7-4668-BE54-9A1E7A4F7556}") = "Udemy.WebAPI", "Udemy.WebAPI\Udemy.WebAPI.csproj", "{BE086492-666F-4C31-952C-0D357B89FC9F}"
EndProject
Project("{FAE04EC0-301F-11D3-BF4B-00C04F79EFBC}") = "Udemy.ConsumeAPI", "Udemy.ConsumeAPI\Udemy.ConsumeAPI.csproj", "{8B114EAF-EA75-41EE-B633-87B6BD37849D}"
EndProject
Global
	GlobalSection(SolutionConfigurationPlatforms) = preSolution
		Debug|Any CPU = Debug|Any CPU
		Release|Any CPU = Release|Any CPU
	EndGlobalSection
	GlobalSection(ProjectConfigurationPlatforms) = postSolution
		{BE086492-666F-4C31-952C-0D357B89FC9F}.Debug|Any CPU.ActiveCfg = Debug|Any CPU
		{BE086492-666F-4C31-952C-0D357B89FC9F}.Debug|Any CPU.Build.0 = Debug|Any CPU
		{BE086492-666F-4C31-952C-0D357B89FC9F}.Release|Any CPU.ActiveCfg = Release|Any CPU
		{BE086492-666F-4C31-952C-0D357B89FC9F}.Release|Any CPU.Build.0 = Release|Any CPU
		{8B114EAF-EA75-41EE-B633-87B6BD37849D}.Debug|Any CPU.ActiveCfg = Debug|Any CPU
		{8B114EAF-EA75-41EE-B633-87B6BD37849D}.Debug|Any CPU.Build.0 = Debug|Any CPU
		{8B114EAF-EA75-41EE-B633-87B6BD37849D}.Release|Any CPU.ActiveCfg = Release|Any CPU
		{8B114EAF-EA75-41EE-B633-87B6BD37849D}.Release|Any CPU.Build.0 = Release|Any CPU
	EndGlobalSection
	GlobalSection(SolutionProperties) = preSolution
		HideSolutionNode = FALSE
	EndGlobalSection
	GlobalSection(ExtensibilityGlobals) = postSolution
		SolutionGuid = {5E49DBF4-E55C-45C2-8375-ECB1C6DB7F08}
	EndGlobalSection
EndGlobal
