
Microsoft Visual Studio Solution File, Format Version 12.00
# Visual Studio Version 17
VisualStudioVersion = 17.3.32929.385
MinimumVisualStudioVersion = 10.0.40219.1
Project("{FAE04EC0-301F-11D3-BF4B-00C04F79EFBC}") = "UdemyAspNetCore", "UdemyAspNetCore\UdemyAspNetCore.csproj", "{3C245EDD-F854-4887-BA2B-A9C153BA05D5}"
EndProject
Global
	GlobalSection(SolutionConfigurationPlatforms) = preSolution
		Debug|Any CPU = Debug|Any CPU
		Release|Any CPU = Release|Any CPU
	EndGlobalSection
	GlobalSection(ProjectConfigurationPlatforms) = postSolution
		{3C245EDD-F854-4887-BA2B-A9C153BA05D5}.Debug|Any CPU.ActiveCfg = Debug|Any CPU
		{3C245EDD-F854-4887-BA2B-A9C153BA05D5}.Debug|Any CPU.Build.0 = Debug|Any CPU
		{3C245EDD-F854-4887-BA2B-A9C153BA05D5}.Release|Any CPU.ActiveCfg = Release|Any CPU
		{3C245EDD-F854-4887-BA2B-A9C153BA05D5}.Release|Any CPU.Build.0 = Release|Any CPU
	EndGlobalSection
	GlobalSection(SolutionProperties) = preSolution
		HideSolutionNode = FALSE
	EndGlobalSection
	GlobalSection(ExtensibilityGlobals) = postSolution
		SolutionGuid = {5729885C-BCF9-426C-A27E-D5B495D0E868}
	EndGlobalSection
EndGlobal
